
Microsoft Visual Studio Solution File, Format Version 12.00
# Visual Studio Version 16
VisualStudioVersion = 16.0.31205.134
MinimumVisualStudioVersion = 10.0.40219.1
Project("{FAE04EC0-301F-11D3-BF4B-00C04F79EFBC}") = "Payroll Management System", "Payroll Management System\Payroll Management System.csproj", "{2C378ED9-3879-4AA8-A56D-CB3D4E48298B}"
EndProject
Global
	GlobalSection(SolutionConfigurationPlatforms) = preSolution
		Debug|Any CPU = Debug|Any CPU
		Release|Any CPU = Release|Any CPU
	EndGlobalSection
	GlobalSection(ProjectConfigurationPlatforms) = postSolution
		{2C378ED9-3879-4AA8-A56D-CB3D4E48298B}.Debug|Any CPU.ActiveCfg = Debug|Any CPU
		{2C378ED9-3879-4AA8-A56D-CB3D4E48298B}.Debug|Any CPU.Build.0 = Debug|Any CPU
		{2C378ED9-3879-4AA8-A56D-CB3D4E48298B}.Release|Any CPU.ActiveCfg = Release|Any CPU
		{2C378ED9-3879-4AA8-A56D-CB3D4E48298B}.Release|Any CPU.Build.0 = Release|Any CPU
	EndGlobalSection
	GlobalSection(SolutionProperties) = preSolution
		HideSolutionNode = FALSE
	EndGlobalSection
	GlobalSection(ExtensibilityGlobals) = postSolution
		SolutionGuid = {14F3C287-613E-41E4-8609-4B551E57BB47}
	EndGlobalSection
EndGlobal
